
Microsoft Visual Studio Solution File, Format Version 12.00
# Visual Studio Version 16
VisualStudioVersion = 16.0.30002.166
MinimumVisualStudioVersion = 10.0.40219.1
Project("{9A19103F-16F7-4668-BE54-9A1E7A4F7556}") = "API_Gateway_Controllers", "API_Gateway_Controllers.csproj", "{D3635145-3622-496C-9DF2-FB7C75507EAE}"
EndProject
Project("{9A19103F-16F7-4668-BE54-9A1E7A4F7556}") = "API.Managers", "..\API.Managers\API.Managers.csproj", "{F4983B9C-B63B-4A32-B059-A1F95C1DE046}"
EndProject
Project("{9A19103F-16F7-4668-BE54-9A1E7A4F7556}") = "API.Services", "..\API.Services\API.Services.csproj", "{395AFB53-C13E-4E9F-A205-AF3CD28BABED}"
EndProject
Project("{9A19103F-16F7-4668-BE54-9A1E7A4F7556}") = "API.DAL", "..\API.DAL\API.DAL.csproj", "{D7C5F4A6-AC89-41FF-873C-C828B5DF1AE1}"
EndProject
Project("{9A19103F-16F7-4668-BE54-9A1E7A4F7556}") = "API.Constants", "..\API.Constants\API.Constants.csproj", "{88AE11EC-250C-4D4E-B69B-C2E34054D0CC}"
EndProject
Project("{9A19103F-16F7-4668-BE54-9A1E7A4F7556}") = "TestController", "..\TestController\TestController.csproj", "{FA6E1D7A-72EE-471D-8565-B6E60E8FD11D}"
EndProject
Project("{9A19103F-16F7-4668-BE54-9A1E7A4F7556}") = "API.Models", "..\API.Models\API.Models.csproj", "{F425CCE6-8EC0-44B1-AF2A-24A9383C15DB}"
EndProject
Project("{2150E333-8FDC-42A3-9474-1A3956D46DE8}") = "Constant", "Constant", "{CC85C87A-FEE6-4B2D-9F23-A635368C8BE2}"
EndProject
Project("{2150E333-8FDC-42A3-9474-1A3956D46DE8}") = "DAL", "DAL", "{EBCAA90C-98D8-469A-851F-630E61897C3F}"
EndProject
Project("{2150E333-8FDC-42A3-9474-1A3956D46DE8}") = "Manager", "Manager", "{27EF4BE1-0F4F-4439-9001-2AB491110396}"
EndProject
Project("{2150E333-8FDC-42A3-9474-1A3956D46DE8}") = "Models And JsonObj", "Models And JsonObj", "{266A06B7-73B3-437D-9148-335B62CFFCEE}"
EndProject
Project("{2150E333-8FDC-42A3-9474-1A3956D46DE8}") = "Service", "Service", "{E6377431-7E6E-4265-B1DD-A39736F8453F}"
EndProject
Project("{2150E333-8FDC-42A3-9474-1A3956D46DE8}") = "Authorization", "Authorization", "{A2BAB29E-A432-40BA-AC61-CA6B11B4042D}"
EndProject
Project("{FAE04EC0-301F-11D3-BF4B-00C04F79EFBC}") = "API.Authorization", "..\API.Authorization\API.Authorization.csproj", "{319BD117-093F-49FE-9A11-04EEFE1568BC}"
EndProject
Global
	GlobalSection(SolutionConfigurationPlatforms) = preSolution
		Debug|Any CPU = Debug|Any CPU
		Release|Any CPU = Release|Any CPU
	EndGlobalSection
	GlobalSection(ProjectConfigurationPlatforms) = postSolution
		{D3635145-3622-496C-9DF2-FB7C75507EAE}.Debug|Any CPU.ActiveCfg = Debug|Any CPU
		{D3635145-3622-496C-9DF2-FB7C75507EAE}.Debug|Any CPU.Build.0 = Debug|Any CPU
		{D3635145-3622-496C-9DF2-FB7C75507EAE}.Release|Any CPU.ActiveCfg = Release|Any CPU
		{D3635145-3622-496C-9DF2-FB7C75507EAE}.Release|Any CPU.Build.0 = Release|Any CPU
		{F4983B9C-B63B-4A32-B059-A1F95C1DE046}.Debug|Any CPU.ActiveCfg = Debug|Any CPU
		{F4983B9C-B63B-4A32-B059-A1F95C1DE046}.Debug|Any CPU.Build.0 = Debug|Any CPU
		{F4983B9C-B63B-4A32-B059-A1F95C1DE046}.Release|Any CPU.ActiveCfg = Release|Any CPU
		{F4983B9C-B63B-4A32-B059-A1F95C1DE046}.Release|Any CPU.Build.0 = Release|Any CPU
		{395AFB53-C13E-4E9F-A205-AF3CD28BABED}.Debug|Any CPU.ActiveCfg = Debug|Any CPU
		{395AFB53-C13E-4E9F-A205-AF3CD28BABED}.Debug|Any CPU.Build.0 = Debug|Any CPU
		{395AFB53-C13E-4E9F-A205-AF3CD28BABED}.Release|Any CPU.ActiveCfg = Release|Any CPU
		{395AFB53-C13E-4E9F-A205-AF3CD28BABED}.Release|Any CPU.Build.0 = Release|Any CPU
		{D7C5F4A6-AC89-41FF-873C-C828B5DF1AE1}.Debug|Any CPU.ActiveCfg = Debug|Any CPU
		{D7C5F4A6-AC89-41FF-873C-C828B5DF1AE1}.Debug|Any CPU.Build.0 = Debug|Any CPU
		{D7C5F4A6-AC89-41FF-873C-C828B5DF1AE1}.Release|Any CPU.ActiveCfg = Release|Any CPU
		{D7C5F4A6-AC89-41FF-873C-C828B5DF1AE1}.Release|Any CPU.Build.0 = Release|Any CPU
		{88AE11EC-250C-4D4E-B69B-C2E34054D0CC}.Debug|Any CPU.ActiveCfg = Debug|Any CPU
		{88AE11EC-250C-4D4E-B69B-C2E34054D0CC}.Debug|Any CPU.Build.0 = Debug|Any CPU
		{88AE11EC-250C-4D4E-B69B-C2E34054D0CC}.Release|Any CPU.ActiveCfg = Release|Any CPU
		{88AE11EC-250C-4D4E-B69B-C2E34054D0CC}.Release|Any CPU.Build.0 = Release|Any CPU
		{FA6E1D7A-72EE-471D-8565-B6E60E8FD11D}.Debug|Any CPU.ActiveCfg = Debug|Any CPU
		{FA6E1D7A-72EE-471D-8565-B6E60E8FD11D}.Debug|Any CPU.Build.0 = Debug|Any CPU
		{FA6E1D7A-72EE-471D-8565-B6E60E8FD11D}.Release|Any CPU.ActiveCfg = Release|Any CPU
		{FA6E1D7A-72EE-471D-8565-B6E60E8FD11D}.Release|Any CPU.Build.0 = Release|Any CPU
		{F425CCE6-8EC0-44B1-AF2A-24A9383C15DB}.Debug|Any CPU.ActiveCfg = Debug|Any CPU
		{F425CCE6-8EC0-44B1-AF2A-24A9383C15DB}.Debug|Any CPU.Build.0 = Debug|Any CPU
		{F425CCE6-8EC0-44B1-AF2A-24A9383C15DB}.Release|Any CPU.ActiveCfg = Release|Any CPU
		{F425CCE6-8EC0-44B1-AF2A-24A9383C15DB}.Release|Any CPU.Build.0 = Release|Any CPU
		{319BD117-093F-49FE-9A11-04EEFE1568BC}.Debug|Any CPU.ActiveCfg = Debug|Any CPU
		{319BD117-093F-49FE-9A11-04EEFE1568BC}.Debug|Any CPU.Build.0 = Debug|Any CPU
		{319BD117-093F-49FE-9A11-04EEFE1568BC}.Release|Any CPU.ActiveCfg = Release|Any CPU
		{319BD117-093F-49FE-9A11-04EEFE1568BC}.Release|Any CPU.Build.0 = Release|Any CPU
	EndGlobalSection
	GlobalSection(SolutionProperties) = preSolution
		HideSolutionNode = FALSE
	EndGlobalSection
	GlobalSection(NestedProjects) = preSolution
		{F4983B9C-B63B-4A32-B059-A1F95C1DE046} = {27EF4BE1-0F4F-4439-9001-2AB491110396}
		{395AFB53-C13E-4E9F-A205-AF3CD28BABED} = {E6377431-7E6E-4265-B1DD-A39736F8453F}
		{D7C5F4A6-AC89-41FF-873C-C828B5DF1AE1} = {EBCAA90C-98D8-469A-851F-630E61897C3F}
		{88AE11EC-250C-4D4E-B69B-C2E34054D0CC} = {CC85C87A-FEE6-4B2D-9F23-A635368C8BE2}
		{F425CCE6-8EC0-44B1-AF2A-24A9383C15DB} = {266A06B7-73B3-437D-9148-335B62CFFCEE}
		{319BD117-093F-49FE-9A11-04EEFE1568BC} = {A2BAB29E-A432-40BA-AC61-CA6B11B4042D}
	EndGlobalSection
	GlobalSection(ExtensibilityGlobals) = postSolution
		SolutionGuid = {FE86329D-3752-42EF-8C77-CFC62F9B4C3A}
	EndGlobalSection
EndGlobal
